
Microsoft Visual Studio Solution File, Format Version 12.00
# Visual Studio 2012
Project("{FAE04EC0-301F-11D3-BF4B-00C04F79EFBC}") = "Blink", "Blink\Blink.csproj", "{5F6D0BDE-06EC-4D27-9B4F-7495B5044D4E}"
EndProject
Project("{FAE04EC0-301F-11D3-BF4B-00C04F79EFBC}") = "Blink.Tests", "Blink.Tests\Blink.Tests.csproj", "{85D9D7FF-DEB9-4E14-BABA-7717CC6D067C}"
EndProject
Global
	GlobalSection(SolutionConfigurationPlatforms) = preSolution
		Debug|Any CPU = Debug|Any CPU
		Release|Any CPU = Release|Any CPU
	EndGlobalSection
	GlobalSection(ProjectConfigurationPlatforms) = postSolution
		{5F6D0BDE-06EC-4D27-9B4F-7495B5044D4E}.Debug|Any CPU.ActiveCfg = Debug|Any CPU
		{5F6D0BDE-06EC-4D27-9B4F-7495B5044D4E}.Debug|Any CPU.Build.0 = Debug|Any CPU
		{5F6D0BDE-06EC-4D27-9B4F-7495B5044D4E}.Release|Any CPU.ActiveCfg = Release|Any CPU
		{5F6D0BDE-06EC-4D27-9B4F-7495B5044D4E}.Release|Any CPU.Build.0 = Release|Any CPU
		{85D9D7FF-DEB9-4E14-BABA-7717CC6D067C}.Debug|Any CPU.ActiveCfg = Debug|Any CPU
		{85D9D7FF-DEB9-4E14-BABA-7717CC6D067C}.Debug|Any CPU.Build.0 = Debug|Any CPU
		{85D9D7FF-DEB9-4E14-BABA-7717CC6D067C}.Release|Any CPU.ActiveCfg = Release|Any CPU
		{85D9D7FF-DEB9-4E14-BABA-7717CC6D067C}.Release|Any CPU.Build.0 = Release|Any CPU
	EndGlobalSection
EndGlobal
